
Microsoft Visual Studio Solution File, Format Version 12.00
# Visual Studio Version 17
VisualStudioVersion = 17.0.31903.59
MinimumVisualStudioVersion = 10.0.40219.1
Project("{FAE04EC0-301F-11D3-BF4B-00C04F79EFBC}") = "AppointmentManagementSystem.Domain", "AppointmentManagementSystem.Domain\AppointmentManagementSystem.Domain.csproj", "{237BB3C8-4E43-4DA1-9840-6B3CC2E8866A}"
EndProject
Project("{FAE04EC0-301F-11D3-BF4B-00C04F79EFBC}") = "AppointmentManagementSystem.Application", "AppointmentManagementSystem.Application\AppointmentManagementSystem.Application.csproj", "{C03A06F3-6778-438E-AFEB-79AE445A2AC3}"
EndProject
Project("{FAE04EC0-301F-11D3-BF4B-00C04F79EFBC}") = "AppointmentManagementSystem.Infrastructure", "AppointmentManagementSystem.Infrastructure\AppointmentManagementSystem.Infrastructure.csproj", "{627A7731-9EEB-460F-BEF8-A2754347A447}"
EndProject
Project("{FAE04EC0-301F-11D3-BF4B-00C04F79EFBC}") = "AppointmentManagementSystem.API", "AppointmentManagementSystem.API\AppointmentManagementSystem.API.csproj", "{89773EF5-648E-46B9-A738-474CC45DD812}"
EndProject
Project("{FAE04EC0-301F-11D3-BF4B-00C04F79EFBC}") = "AppointmentManagementSystem.BlazorUI", "AppointmentManagementSystem.BlazorUI\AppointmentManagementSystem.BlazorUI.csproj", "{DFEBB451-3E29-4985-B1AA-8573F8C1FA89}"
EndProject
Global
	GlobalSection(SolutionConfigurationPlatforms) = preSolution
		Debug|Any CPU = Debug|Any CPU
		Debug|x64 = Debug|x64
		Debug|x86 = Debug|x86
		Release|Any CPU = Release|Any CPU
		Release|x64 = Release|x64
		Release|x86 = Release|x86
	EndGlobalSection
	GlobalSection(ProjectConfigurationPlatforms) = postSolution
		{237BB3C8-4E43-4DA1-9840-6B3CC2E8866A}.Debug|Any CPU.ActiveCfg = Debug|Any CPU
		{237BB3C8-4E43-4DA1-9840-6B3CC2E8866A}.Debug|Any CPU.Build.0 = Debug|Any CPU
		{237BB3C8-4E43-4DA1-9840-6B3CC2E8866A}.Debug|x64.ActiveCfg = Debug|Any CPU
		{237BB3C8-4E43-4DA1-9840-6B3CC2E8866A}.Debug|x64.Build.0 = Debug|Any CPU
		{237BB3C8-4E43-4DA1-9840-6B3CC2E8866A}.Debug|x86.ActiveCfg = Debug|Any CPU
		{237BB3C8-4E43-4DA1-9840-6B3CC2E8866A}.Debug|x86.Build.0 = Debug|Any CPU
		{237BB3C8-4E43-4DA1-9840-6B3CC2E8866A}.Release|Any CPU.ActiveCfg = Release|Any CPU
		{237BB3C8-4E43-4DA1-9840-6B3CC2E8866A}.Release|Any CPU.Build.0 = Release|Any CPU
		{237BB3C8-4E43-4DA1-9840-6B3CC2E8866A}.Release|x64.ActiveCfg = Release|Any CPU
		{237BB3C8-4E43-4DA1-9840-6B3CC2E8866A}.Release|x64.Build.0 = Release|Any CPU
		{237BB3C8-4E43-4DA1-9840-6B3CC2E8866A}.Release|x86.ActiveCfg = Release|Any CPU
		{237BB3C8-4E43-4DA1-9840-6B3CC2E8866A}.Release|x86.Build.0 = Release|Any CPU
		{C03A06F3-6778-438E-AFEB-79AE445A2AC3}.Debug|Any CPU.ActiveCfg = Debug|Any CPU
		{C03A06F3-6778-438E-AFEB-79AE445A2AC3}.Debug|Any CPU.Build.0 = Debug|Any CPU
		{C03A06F3-6778-438E-AFEB-79AE445A2AC3}.Debug|x64.ActiveCfg = Debug|Any CPU
		{C03A06F3-6778-438E-AFEB-79AE445A2AC3}.Debug|x64.Build.0 = Debug|Any CPU
		{C03A06F3-6778-438E-AFEB-79AE445A2AC3}.Debug|x86.ActiveCfg = Debug|Any CPU
		{C03A06F3-6778-438E-AFEB-79AE445A2AC3}.Debug|x86.Build.0 = Debug|Any CPU
		{C03A06F3-6778-438E-AFEB-79AE445A2AC3}.Release|Any CPU.ActiveCfg = Release|Any CPU
		{C03A06F3-6778-438E-AFEB-79AE445A2AC3}.Release|Any CPU.Build.0 = Release|Any CPU
		{C03A06F3-6778-438E-AFEB-79AE445A2AC3}.Release|x64.ActiveCfg = Release|Any CPU
		{C03A06F3-6778-438E-AFEB-79AE445A2AC3}.Release|x64.Build.0 = Release|Any CPU
		{C03A06F3-6778-438E-AFEB-79AE445A2AC3}.Release|x86.ActiveCfg = Release|Any CPU
		{C03A06F3-6778-438E-AFEB-79AE445A2AC3}.Release|x86.Build.0 = Release|Any CPU
		{627A7731-9EEB-460F-BEF8-A2754347A447}.Debug|Any CPU.ActiveCfg = Debug|Any CPU
		{627A7731-9EEB-460F-BEF8-A2754347A447}.Debug|Any CPU.Build.0 = Debug|Any CPU
		{627A7731-9EEB-460F-BEF8-A2754347A447}.Debug|x64.ActiveCfg = Debug|Any CPU
		{627A7731-9EEB-460F-BEF8-A2754347A447}.Debug|x64.Build.0 = Debug|Any CPU
		{627A7731-9EEB-460F-BEF8-A2754347A447}.Debug|x86.ActiveCfg = Debug|Any CPU
		{627A7731-9EEB-460F-BEF8-A2754347A447}.Debug|x86.Build.0 = Debug|Any CPU
		{627A7731-9EEB-460F-BEF8-A2754347A447}.Release|Any CPU.ActiveCfg = Release|Any CPU
		{627A7731-9EEB-460F-BEF8-A2754347A447}.Release|Any CPU.Build.0 = Release|Any CPU
		{627A7731-9EEB-460F-BEF8-A2754347A447}.Release|x64.ActiveCfg = Release|Any CPU
		{627A7731-9EEB-460F-BEF8-A2754347A447}.Release|x64.Build.0 = Release|Any CPU
		{627A7731-9EEB-460F-BEF8-A2754347A447}.Release|x86.ActiveCfg = Release|Any CPU
		{627A7731-9EEB-460F-BEF8-A2754347A447}.Release|x86.Build.0 = Release|Any CPU
		{89773EF5-648E-46B9-A738-474CC45DD812}.Debug|Any CPU.ActiveCfg = Debug|Any CPU
		{89773EF5-648E-46B9-A738-474CC45DD812}.Debug|Any CPU.Build.0 = Debug|Any CPU
		{89773EF5-648E-46B9-A738-474CC45DD812}.Debug|x64.ActiveCfg = Debug|Any CPU
		{89773EF5-648E-46B9-A738-474CC45DD812}.Debug|x64.Build.0 = Debug|Any CPU
		{89773EF5-648E-46B9-A738-474CC45DD812}.Debug|x86.ActiveCfg = Debug|Any CPU
		{89773EF5-648E-46B9-A738-474CC45DD812}.Debug|x86.Build.0 = Debug|Any CPU
		{89773EF5-648E-46B9-A738-474CC45DD812}.Release|Any CPU.ActiveCfg = Release|Any CPU
		{89773EF5-648E-46B9-A738-474CC45DD812}.Release|Any CPU.Build.0 = Release|Any CPU
		{89773EF5-648E-46B9-A738-474CC45DD812}.Release|x64.ActiveCfg = Release|Any CPU
		{89773EF5-648E-46B9-A738-474CC45DD812}.Release|x64.Build.0 = Release|Any CPU
		{89773EF5-648E-46B9-A738-474CC45DD812}.Release|x86.ActiveCfg = Release|Any CPU
		{89773EF5-648E-46B9-A738-474CC45DD812}.Release|x86.Build.0 = Release|Any CPU
		{DFEBB451-3E29-4985-B1AA-8573F8C1FA89}.Debug|Any CPU.ActiveCfg = Debug|Any CPU
		{DFEBB451-3E29-4985-B1AA-8573F8C1FA89}.Debug|Any CPU.Build.0 = Debug|Any CPU
		{DFEBB451-3E29-4985-B1AA-8573F8C1FA89}.Debug|x64.ActiveCfg = Debug|Any CPU
		{DFEBB451-3E29-4985-B1AA-8573F8C1FA89}.Debug|x64.Build.0 = Debug|Any CPU
		{DFEBB451-3E29-4985-B1AA-8573F8C1FA89}.Debug|x86.ActiveCfg = Debug|Any CPU
		{DFEBB451-3E29-4985-B1AA-8573F8C1FA89}.Debug|x86.Build.0 = Debug|Any CPU
		{DFEBB451-3E29-4985-B1AA-8573F8C1FA89}.Release|Any CPU.ActiveCfg = Release|Any CPU
		{DFEBB451-3E29-4985-B1AA-8573F8C1FA89}.Release|Any CPU.Build.0 = Release|Any CPU
		{DFEBB451-3E29-4985-B1AA-8573F8C1FA89}.Release|x64.ActiveCfg = Release|Any CPU
		{DFEBB451-3E29-4985-B1AA-8573F8C1FA89}.Release|x64.Build.0 = Release|Any CPU
		{DFEBB451-3E29-4985-B1AA-8573F8C1FA89}.Release|x86.ActiveCfg = Release|Any CPU
		{DFEBB451-3E29-4985-B1AA-8573F8C1FA89}.Release|x86.Build.0 = Release|Any CPU
	EndGlobalSection
	GlobalSection(SolutionProperties) = preSolution
		HideSolutionNode = FALSE
	EndGlobalSection
	GlobalSection(ExtensibilityGlobals) = postSolution
		SolutionGuid = {52ECE129-F595-4866-B7C2-B59E6EECC718}
	EndGlobalSection
EndGlobal
